
Microsoft Visual Studio Solution File, Format Version 12.00
# Visual Studio Version 16
VisualStudioVersion = 16.0.34031.81
MinimumVisualStudioVersion = 10.0.40219.1
Project("{8BC9CEB8-8B4A-11D0-8D11-00A0C91BC942}") = "lab1.3", "lab1.3\lab1.3.vcxproj", "{9FC9A5B3-0E48-45AA-8EAA-CCEE50BCC2BE}"
EndProject
Project("{8BC9CEB8-8B4A-11D0-8D11-00A0C91BC942}") = "UnitTest1.3", "UnitTest1.3\UnitTest1.3.vcxproj", "{58EF08C2-9917-4AAB-8D65-2B38FF073B8A}"
EndProject
Global
	GlobalSection(SolutionConfigurationPlatforms) = preSolution
		Debug|x64 = Debug|x64
		Debug|x86 = Debug|x86
		Release|x64 = Release|x64
		Release|x86 = Release|x86
	EndGlobalSection
	GlobalSection(ProjectConfigurationPlatforms) = postSolution
		{9FC9A5B3-0E48-45AA-8EAA-CCEE50BCC2BE}.Debug|x64.ActiveCfg = Debug|x64
		{9FC9A5B3-0E48-45AA-8EAA-CCEE50BCC2BE}.Debug|x64.Build.0 = Debug|x64
		{9FC9A5B3-0E48-45AA-8EAA-CCEE50BCC2BE}.Debug|x86.ActiveCfg = Debug|Win32
		{9FC9A5B3-0E48-45AA-8EAA-CCEE50BCC2BE}.Debug|x86.Build.0 = Debug|Win32
		{9FC9A5B3-0E48-45AA-8EAA-CCEE50BCC2BE}.Release|x64.ActiveCfg = Release|x64
		{9FC9A5B3-0E48-45AA-8EAA-CCEE50BCC2BE}.Release|x64.Build.0 = Release|x64
		{9FC9A5B3-0E48-45AA-8EAA-CCEE50BCC2BE}.Release|x86.ActiveCfg = Release|Win32
		{9FC9A5B3-0E48-45AA-8EAA-CCEE50BCC2BE}.Release|x86.Build.0 = Release|Win32
		{58EF08C2-9917-4AAB-8D65-2B38FF073B8A}.Debug|x64.ActiveCfg = Debug|x64
		{58EF08C2-9917-4AAB-8D65-2B38FF073B8A}.Debug|x64.Build.0 = Debug|x64
		{58EF08C2-9917-4AAB-8D65-2B38FF073B8A}.Debug|x86.ActiveCfg = Debug|Win32
		{58EF08C2-9917-4AAB-8D65-2B38FF073B8A}.Debug|x86.Build.0 = Debug|Win32
		{58EF08C2-9917-4AAB-8D65-2B38FF073B8A}.Release|x64.ActiveCfg = Release|x64
		{58EF08C2-9917-4AAB-8D65-2B38FF073B8A}.Release|x64.Build.0 = Release|x64
		{58EF08C2-9917-4AAB-8D65-2B38FF073B8A}.Release|x86.ActiveCfg = Release|Win32
		{58EF08C2-9917-4AAB-8D65-2B38FF073B8A}.Release|x86.Build.0 = Release|Win32
	EndGlobalSection
	GlobalSection(SolutionProperties) = preSolution
		HideSolutionNode = FALSE
	EndGlobalSection
	GlobalSection(ExtensibilityGlobals) = postSolution
		SolutionGuid = {16DCBECD-4B44-41C5-9A4E-F53E71473B27}
	EndGlobalSection
EndGlobal
